
Microsoft Visual Studio Solution File, Format Version 12.00
# Visual Studio Version 16
VisualStudioVersion = 16.0.30223.230
MinimumVisualStudioVersion = 10.0.40219.1
Project("{FAE04EC0-301F-11D3-BF4B-00C04F79EFBC}") = "SshHook1", "SshHook1\SshHook1.csproj", "{4E8D2FD4-3665-49F1-9201-30E8B79AD8C3}"
EndProject
Global
	GlobalSection(SolutionConfigurationPlatforms) = preSolution
		Debug|Any CPU = Debug|Any CPU
		Release|Any CPU = Release|Any CPU
	EndGlobalSection
	GlobalSection(ProjectConfigurationPlatforms) = postSolution
		{4E8D2FD4-3665-49F1-9201-30E8B79AD8C3}.Debug|Any CPU.ActiveCfg = Debug|Any CPU
		{4E8D2FD4-3665-49F1-9201-30E8B79AD8C3}.Debug|Any CPU.Build.0 = Debug|Any CPU
		{4E8D2FD4-3665-49F1-9201-30E8B79AD8C3}.Release|Any CPU.ActiveCfg = Release|Any CPU
		{4E8D2FD4-3665-49F1-9201-30E8B79AD8C3}.Release|Any CPU.Build.0 = Release|Any CPU
	EndGlobalSection
	GlobalSection(SolutionProperties) = preSolution
		HideSolutionNode = FALSE
	EndGlobalSection
	GlobalSection(ExtensibilityGlobals) = postSolution
		SolutionGuid = {F1CE8BA4-68DC-4D55-8DC4-C83377FDA1C1}
	EndGlobalSection
EndGlobal
